
Microsoft Visual Studio Solution File, Format Version 12.00
# Visual Studio Version 16
VisualStudioVersion = 16.0.30011.22
MinimumVisualStudioVersion = 10.0.40219.1
Project("{FAE04EC0-301F-11D3-BF4B-00C04F79EFBC}") = "EthanDeGuzman_S00199053", "EthanDeGuzman_S00199053.csproj", "{79934597-F609-4CA4-A11A-CF5DB92C8AA6}"
EndProject
Project("{FAE04EC0-301F-11D3-BF4B-00C04F79EFBC}") = "ExamUnitTest", "..\ExamUnitTest\ExamUnitTest.csproj", "{28B7A3A4-2E40-4E2D-B864-6259B2E01C74}"
EndProject
Project("{FAE04EC0-301F-11D3-BF4B-00C04F79EFBC}") = "ExamDatabase", "..\ExamDatabase\ExamDatabase.csproj", "{21B39205-A7E7-45E0-8FA2-F99F20AA73F5}"
EndProject
Global
	GlobalSection(SolutionConfigurationPlatforms) = preSolution
		Debug|Any CPU = Debug|Any CPU
		Release|Any CPU = Release|Any CPU
	EndGlobalSection
	GlobalSection(ProjectConfigurationPlatforms) = postSolution
		{79934597-F609-4CA4-A11A-CF5DB92C8AA6}.Debug|Any CPU.ActiveCfg = Debug|Any CPU
		{79934597-F609-4CA4-A11A-CF5DB92C8AA6}.Debug|Any CPU.Build.0 = Debug|Any CPU
		{79934597-F609-4CA4-A11A-CF5DB92C8AA6}.Release|Any CPU.ActiveCfg = Release|Any CPU
		{79934597-F609-4CA4-A11A-CF5DB92C8AA6}.Release|Any CPU.Build.0 = Release|Any CPU
		{28B7A3A4-2E40-4E2D-B864-6259B2E01C74}.Debug|Any CPU.ActiveCfg = Debug|Any CPU
		{28B7A3A4-2E40-4E2D-B864-6259B2E01C74}.Debug|Any CPU.Build.0 = Debug|Any CPU
		{28B7A3A4-2E40-4E2D-B864-6259B2E01C74}.Release|Any CPU.ActiveCfg = Release|Any CPU
		{28B7A3A4-2E40-4E2D-B864-6259B2E01C74}.Release|Any CPU.Build.0 = Release|Any CPU
		{21B39205-A7E7-45E0-8FA2-F99F20AA73F5}.Debug|Any CPU.ActiveCfg = Debug|Any CPU
		{21B39205-A7E7-45E0-8FA2-F99F20AA73F5}.Debug|Any CPU.Build.0 = Debug|Any CPU
		{21B39205-A7E7-45E0-8FA2-F99F20AA73F5}.Release|Any CPU.ActiveCfg = Release|Any CPU
		{21B39205-A7E7-45E0-8FA2-F99F20AA73F5}.Release|Any CPU.Build.0 = Release|Any CPU
	EndGlobalSection
	GlobalSection(SolutionProperties) = preSolution
		HideSolutionNode = FALSE
	EndGlobalSection
	GlobalSection(ExtensibilityGlobals) = postSolution
		SolutionGuid = {395A4C20-8360-4814-830E-3D6B6348F588}
	EndGlobalSection
EndGlobal
